
Microsoft Visual Studio Solution File, Format Version 12.00
# Visual Studio Version 17
VisualStudioVersion = 17.3.32811.315
MinimumVisualStudioVersion = 10.0.40219.1
Project("{9A19103F-16F7-4668-BE54-9A1E7A4F7556}") = "CalculoAPI", "CalculoAPI\CalculoAPI.csproj", "{6B1FBA80-3991-402E-A98C-B6D144BF7CA1}"
EndProject
Project("{FAE04EC0-301F-11D3-BF4B-00C04F79EFBC}") = "Calculo.Tests", "CalculoAPI.Tests\Calculo.Tests.csproj", "{37238A03-F1E5-45F8-9AC0-9E80AFF0BF1E}"
EndProject
Project("{FAE04EC0-301F-11D3-BF4B-00C04F79EFBC}") = "Calculo.Application", "Calculo.Application\Calculo.Application.csproj", "{86FD40FF-AE33-4DA0-ADD6-097B6515911A}"
EndProject
Global
	GlobalSection(SolutionConfigurationPlatforms) = preSolution
		Debug|Any CPU = Debug|Any CPU
		Release|Any CPU = Release|Any CPU
	EndGlobalSection
	GlobalSection(ProjectConfigurationPlatforms) = postSolution
		{6B1FBA80-3991-402E-A98C-B6D144BF7CA1}.Debug|Any CPU.ActiveCfg = Debug|Any CPU
		{6B1FBA80-3991-402E-A98C-B6D144BF7CA1}.Debug|Any CPU.Build.0 = Debug|Any CPU
		{6B1FBA80-3991-402E-A98C-B6D144BF7CA1}.Release|Any CPU.ActiveCfg = Release|Any CPU
		{6B1FBA80-3991-402E-A98C-B6D144BF7CA1}.Release|Any CPU.Build.0 = Release|Any CPU
		{37238A03-F1E5-45F8-9AC0-9E80AFF0BF1E}.Debug|Any CPU.ActiveCfg = Debug|Any CPU
		{37238A03-F1E5-45F8-9AC0-9E80AFF0BF1E}.Debug|Any CPU.Build.0 = Debug|Any CPU
		{37238A03-F1E5-45F8-9AC0-9E80AFF0BF1E}.Release|Any CPU.ActiveCfg = Release|Any CPU
		{37238A03-F1E5-45F8-9AC0-9E80AFF0BF1E}.Release|Any CPU.Build.0 = Release|Any CPU
		{86FD40FF-AE33-4DA0-ADD6-097B6515911A}.Debug|Any CPU.ActiveCfg = Debug|Any CPU
		{86FD40FF-AE33-4DA0-ADD6-097B6515911A}.Debug|Any CPU.Build.0 = Debug|Any CPU
		{86FD40FF-AE33-4DA0-ADD6-097B6515911A}.Release|Any CPU.ActiveCfg = Release|Any CPU
		{86FD40FF-AE33-4DA0-ADD6-097B6515911A}.Release|Any CPU.Build.0 = Release|Any CPU
	EndGlobalSection
	GlobalSection(SolutionProperties) = preSolution
		HideSolutionNode = FALSE
	EndGlobalSection
	GlobalSection(ExtensibilityGlobals) = postSolution
		SolutionGuid = {0D6745E9-0989-4B5D-A356-F6FECEB648BA}
	EndGlobalSection
EndGlobal
