
Microsoft Visual Studio Solution File, Format Version 12.00
# Visual Studio Version 17
VisualStudioVersion = 17.3.32811.315
MinimumVisualStudioVersion = 10.0.40219.1
Project("{9A19103F-16F7-4668-BE54-9A1E7A4F7556}") = "TaxasAPI.Application", "TaxasAPI.Application\TaxasAPI.Application.csproj", "{5A649294-7DE5-40A7-83B9-3AE7C13C9AE3}"
EndProject
Project("{9A19103F-16F7-4668-BE54-9A1E7A4F7556}") = "Taxas.Tests", "Taxas.Tests\Taxas.Tests.csproj", "{A4DF5908-B6F5-41E8-B122-48D36BD94B1B}"
EndProject
Project("{9A19103F-16F7-4668-BE54-9A1E7A4F7556}") = "Taxas.Domain", "Taxas.Domain\Taxas.Domain.csproj", "{6CC43613-3282-4CE4-8814-E54B56F09CF7}"
EndProject
Project("{9A19103F-16F7-4668-BE54-9A1E7A4F7556}") = "Taxas.Service", "Taxas.Service\Taxas.Service.csproj", "{C054AFB7-51AD-4F3C-833A-3FBC9584F094}"
EndProject
Global
	GlobalSection(SolutionConfigurationPlatforms) = preSolution
		Debug|Any CPU = Debug|Any CPU
		Release|Any CPU = Release|Any CPU
	EndGlobalSection
	GlobalSection(ProjectConfigurationPlatforms) = postSolution
		{5A649294-7DE5-40A7-83B9-3AE7C13C9AE3}.Debug|Any CPU.ActiveCfg = Debug|Any CPU
		{5A649294-7DE5-40A7-83B9-3AE7C13C9AE3}.Debug|Any CPU.Build.0 = Debug|Any CPU
		{5A649294-7DE5-40A7-83B9-3AE7C13C9AE3}.Release|Any CPU.ActiveCfg = Release|Any CPU
		{5A649294-7DE5-40A7-83B9-3AE7C13C9AE3}.Release|Any CPU.Build.0 = Release|Any CPU
		{A4DF5908-B6F5-41E8-B122-48D36BD94B1B}.Debug|Any CPU.ActiveCfg = Debug|Any CPU
		{A4DF5908-B6F5-41E8-B122-48D36BD94B1B}.Debug|Any CPU.Build.0 = Debug|Any CPU
		{A4DF5908-B6F5-41E8-B122-48D36BD94B1B}.Release|Any CPU.ActiveCfg = Release|Any CPU
		{A4DF5908-B6F5-41E8-B122-48D36BD94B1B}.Release|Any CPU.Build.0 = Release|Any CPU
		{6CC43613-3282-4CE4-8814-E54B56F09CF7}.Debug|Any CPU.ActiveCfg = Debug|Any CPU
		{6CC43613-3282-4CE4-8814-E54B56F09CF7}.Debug|Any CPU.Build.0 = Debug|Any CPU
		{6CC43613-3282-4CE4-8814-E54B56F09CF7}.Release|Any CPU.ActiveCfg = Release|Any CPU
		{6CC43613-3282-4CE4-8814-E54B56F09CF7}.Release|Any CPU.Build.0 = Release|Any CPU
		{C054AFB7-51AD-4F3C-833A-3FBC9584F094}.Debug|Any CPU.ActiveCfg = Debug|Any CPU
		{C054AFB7-51AD-4F3C-833A-3FBC9584F094}.Debug|Any CPU.Build.0 = Debug|Any CPU
		{C054AFB7-51AD-4F3C-833A-3FBC9584F094}.Release|Any CPU.ActiveCfg = Release|Any CPU
		{C054AFB7-51AD-4F3C-833A-3FBC9584F094}.Release|Any CPU.Build.0 = Release|Any CPU
	EndGlobalSection
	GlobalSection(SolutionProperties) = preSolution
		HideSolutionNode = FALSE
	EndGlobalSection
	GlobalSection(ExtensibilityGlobals) = postSolution
		SolutionGuid = {1E475FBC-A325-4B6F-8B09-CCB54C5645F2}
	EndGlobalSection
EndGlobal
